PODS:
  - YoutubePlayer-in-WKWebView (0.3.4)

DEPENDENCIES:
  - YoutubePlayer-in-WKWebView

SPEC REPOS:
  trunk:
    - YoutubePlayer-in-WKWebView

SPEC CHECKSUMS:
  YoutubePlayer-in-WKWebView: af2f5929fc78882d94bfdfeea999b661b78d9717

PODFILE CHECKSUM: b4e11e6b74f06a9f632f9e6199c820a26feda19a

COCOAPODS: 1.8.4
