// !$*UTF8*$!
{
	archiveVersion = 1;
	classes = {
	};
	objectVersion = 51;
	objects = {

/* Begin PBXBuildFile section */
		321CDAA1245028AF00ECDE39 /* DatabaseController.swift in Sources */ = {isa = PBXBuildFile; fileRef = 321CDAA0245028AF00ECDE39 /* DatabaseController.swift */; };
		321CDAA32452989A00ECDE39 /* MulticastDelegate.swift in Sources */ = {isa = PBXBuildFile; fileRef = 321CDAA22452989A00ECDE39 /* MulticastDelegate.swift */; };
		321CDAA62452B9F000ECDE39 /* LogDataModal.xcdatamodeld in Sources */ = {isa = PBXBuildFile; fileRef = 321CDAA42452B9F000ECDE39 /* LogDataModal.xcdatamodeld */; };
		321CDAA82452BB0300ECDE39 /* CoredataController.swift in Sources */ = {isa = PBXBuildFile; fileRef = 321CDAA72452BB0300ECDE39 /* CoredataController.swift */; };
		321CDAAB2452F14D00ECDE39 /* UIViewExtension.swift in Sources */ = {isa = PBXBuildFile; fileRef = 321CDAAA2452F14D00ECDE39 /* UIViewExtension.swift */; };
		321CDAAE2452FBB700ECDE39 /* CustomSegmentedControl.swift in Sources */ = {isa = PBXBuildFile; fileRef = 321CDAAD2452FBB700ECDE39 /* CustomSegmentedControl.swift */; };
		321CDAB02453012100ECDE39 /* PlanViewController.swift in Sources */ = {isa = PBXBuildFile; fileRef = 321CDAAF2453012100ECDE39 /* PlanViewController.swift */; };
		324F8C4224540AAE0072B824 /* Favourite.swift in Sources */ = {isa = PBXBuildFile; fileRef = 324F8C4124540AAE0072B824 /* Favourite.swift */; };
		324F8C4424541B5E0072B824 /* PlanTableViewCell.swift in Sources */ = {isa = PBXBuildFile; fileRef = 324F8C4324541B5D0072B824 /* PlanTableViewCell.swift */; };
		324F8C46245427F30072B824 /* RecordTests.swift in Sources */ = {isa = PBXBuildFile; fileRef = 324F8C45245427F30072B824 /* RecordTests.swift */; };
		327355442444B8EC008FC810 /* AppDelegate.swift in Sources */ = {isa = PBXBuildFile; fileRef = 327355432444B8EC008FC810 /* AppDelegate.swift */; };
		327355462444B8EC008FC810 /* SceneDelegate.swift in Sources */ = {isa = PBXBuildFile; fileRef = 327355452444B8EC008FC810 /* SceneDelegate.swift */; };
		327355482444B8EC008FC810 /* ViewController.swift in Sources */ = {isa = PBXBuildFile; fileRef = 327355472444B8EC008FC810 /* ViewController.swift */; };
		3273554B2444B8EC008FC810 /* Main.storyboard in Resources */ = {isa = PBXBuildFile; fileRef = 327355492444B8EC008FC810 /* Main.storyboard */; };
		3273554D2444B8EE008FC810 /* Assets.xcassets in Resources */ = {isa = PBXBuildFile; fileRef = 3273554C2444B8EE008FC810 /* Assets.xcassets */; };
		327355502444B8EE008FC810 /* LaunchScreen.storyboard in Resources */ = {isa = PBXBuildFile; fileRef = 3273554E2444B8EE008FC810 /* LaunchScreen.storyboard */; };
		3273555B2444B8EE008FC810 /* ActiDiabetTests.swift in Sources */ = {isa = PBXBuildFile; fileRef = 3273555A2444B8EE008FC810 /* ActiDiabetTests.swift */; };
		327355662444B8EE008FC810 /* ActiDiabetUITests.swift in Sources */ = {isa = PBXBuildFile; fileRef = 327355652444B8EE008FC810 /* ActiDiabetUITests.swift */; };
		327355742444B946008FC810 /* WeatherAPI.swift in Sources */ = {isa = PBXBuildFile; fileRef = 327355732444B946008FC810 /* WeatherAPI.swift */; };
		327355782444BDE5008FC810 /* WeatherView.swift in Sources */ = {isa = PBXBuildFile; fileRef = 327355772444BDE5008FC810 /* WeatherView.swift */; };
		3273557C24459D17008FC810 /* CalendarButtonView.swift in Sources */ = {isa = PBXBuildFile; fileRef = 3273557B24459D17008FC810 /* CalendarButtonView.swift */; };
		3273557F24459D71008FC810 /* ColorConstant.swift in Sources */ = {isa = PBXBuildFile; fileRef = 3273557E24459D71008FC810 /* ColorConstant.swift */; };
		327355842445AE41008FC810 /* EnterDetailView.swift in Sources */ = {isa = PBXBuildFile; fileRef = 327355832445AE41008FC810 /* EnterDetailView.swift */; };
		327355862445C21D008FC810 /* ZipCodeTests.swift in Sources */ = {isa = PBXBuildFile; fileRef = 327355852445C21D008FC810 /* ZipCodeTests.swift */; };
		327355AA2447386F008FC810 /* ActivityView.swift in Sources */ = {isa = PBXBuildFile; fileRef = 327355A92447386F008FC810 /* ActivityView.swift */; };
		327355AD24473B56008FC810 /* Activity.swift in Sources */ = {isa = PBXBuildFile; fileRef = 327355AC24473B56008FC810 /* Activity.swift */; };
		327355AF24481F1E008FC810 /* SettingViewController.swift in Sources */ = {isa = PBXBuildFile; fileRef = 327355AE24481F1E008FC810 /* SettingViewController.swift */; };
		32836ACE24693929001B54CA /* FilterView.swift in Sources */ = {isa = PBXBuildFile; fileRef = 32836ACD24693928001B54CA /* FilterView.swift */; };
		3284A796244EBA7D0003B025 /* ActivityTableViewCell.swift in Sources */ = {isa = PBXBuildFile; fileRef = 3284A795244EBA7D0003B025 /* ActivityTableViewCell.swift */; };
		3284A798244ED49E0003B025 /* AllActivityViewController.swift in Sources */ = {isa = PBXBuildFile; fileRef = 3284A797244ED49E0003B025 /* AllActivityViewController.swift */; };
		329C61F62455781200B70A6A /* MapViewController.swift in Sources */ = {isa = PBXBuildFile; fileRef = 329C61F52455781200B70A6A /* MapViewController.swift */; };
		329C61F824557EE400B70A6A /* Location.swift in Sources */ = {isa = PBXBuildFile; fileRef = 329C61F724557EE400B70A6A /* Location.swift */; };
		32FD2556246C27FB004A9B2A /* ActivityFilterViewController.swift in Sources */ = {isa = PBXBuildFile; fileRef = 32FD2555246C27FB004A9B2A /* ActivityFilterViewController.swift */; };
		32FD4B8924494816002D63B1 /* Notifications.swift in Sources */ = {isa = PBXBuildFile; fileRef = 32FD4B8824494816002D63B1 /* Notifications.swift */; };
		32FD4B8B244AC1CE002D63B1 /* ActivityDetailViewController.swift in Sources */ = {isa = PBXBuildFile; fileRef = 32FD4B8A244AC1CE002D63B1 /* ActivityDetailViewController.swift */; };
		32FD4B8D244B0345002D63B1 /* Intensity.swift in Sources */ = {isa = PBXBuildFile; fileRef = 32FD4B8C244B0345002D63B1 /* Intensity.swift */; };
		83665686EC76EF19782CFC2F /* Pods_ActiDiabet.framework in Frameworks */ = {isa = PBXBuildFile; fileRef = 1618107CC401C2102B574E6A /* Pods_ActiDiabet.framework */; };
		CC8568EFE0E7D5DF780F1978 /* Pods_ActiDiabet_ActiDiabetUITests.framework in Frameworks */ = {isa = PBXBuildFile; fileRef = 6DD7DA07C276C92346BD46FE /* Pods_ActiDiabet_ActiDiabetUITests.framework */; };
		F5F01D2D3EEBB3D1DF5AC72B /* Pods_ActiDiabetTests.framework in Frameworks */ = {isa = PBXBuildFile; fileRef = EFC1783BF4BAED28555FE5DC /* Pods_ActiDiabetTests.framework */; };
/* End PBXBuildFile section */

/* Begin PBXContainerItemProxy section */
		327355572444B8EE008FC810 /* PBXContainerItemProxy */ = {
			isa = PBXContainerItemProxy;
			containerPortal = 327355382444B8EC008FC810 /* Project object */;
			proxyType = 1;
			remoteGlobalIDString = 3273553F2444B8EC008FC810;
			remoteInfo = ActiDiabet;
		};
		327355622444B8EE008FC810 /* PBXContainerItemProxy */ = {
			isa = PBXContainerItemProxy;
			containerPortal = 327355382444B8EC008FC810 /* Project object */;
			proxyType = 1;
			remoteGlobalIDString = 3273553F2444B8EC008FC810;
			remoteInfo = ActiDiabet;
		};
/* End PBXContainerItemProxy section */

/* Begin PBXFileReference section */
		14D3BD04D4B7F8E5A178925B /* Pods-ActiDiabet-ActiDiabetUITests.debug.xcconfig */ = {isa = PBXFileReference; includeInIndex = 1; lastKnownFileType = text.xcconfig; name = "Pods-ActiDiabet-ActiDiabetUITests.debug.xcconfig"; path = "Target Support Files/Pods-ActiDiabet-ActiDiabetUITests/Pods-ActiDiabet-ActiDiabetUITests.debug.xcconfig"; sourceTree = "<group>"; };
		1618107CC401C2102B574E6A /* Pods_ActiDiabet.framework */ = {isa = PBXFileReference; explicitFileType = wrapper.framework; includeInIndex = 0; path = Pods_ActiDiabet.framework; sourceTree = BUILT_PRODUCTS_DIR; };
		321CDAA0245028AF00ECDE39 /* DatabaseController.swift */ = {isa = PBXFileReference; lastKnownFileType = sourcecode.swift; path = DatabaseController.swift; sourceTree = "<group>"; };
		321CDAA22452989A00ECDE39 /* MulticastDelegate.swift */ = {isa = PBXFileReference; lastKnownFileType = sourcecode.swift; path = MulticastDelegate.swift; sourceTree = "<group>"; };
		321CDAA52452B9F000ECDE39 /* LogDataModal.xcdatamodel */ = {isa = PBXFileReference; lastKnownFileType = wrapper.xcdatamodel; path = LogDataModal.xcdatamodel; sourceTree = "<group>"; };
		321CDAA72452BB0300ECDE39 /* CoredataController.swift */ = {isa = PBXFileReference; lastKnownFileType = sourcecode.swift; path = CoredataController.swift; sourceTree = "<group>"; };
		321CDAAA2452F14D00ECDE39 /* UIViewExtension.swift */ = {isa = PBXFileReference; lastKnownFileType = sourcecode.swift; path = UIViewExtension.swift; sourceTree = "<group>"; };
		321CDAAD2452FBB700ECDE39 /* CustomSegmentedControl.swift */ = {isa = PBXFileReference; lastKnownFileType = sourcecode.swift; path = CustomSegmentedControl.swift; sourceTree = "<group>"; };
		321CDAAF2453012100ECDE39 /* PlanViewController.swift */ = {isa = PBXFileReference; lastKnownFileType = sourcecode.swift; path = PlanViewController.swift; sourceTree = "<group>"; };
		324F8C4124540AAE0072B824 /* Favourite.swift */ = {isa = PBXFileReference; lastKnownFileType = sourcecode.swift; path = Favourite.swift; sourceTree = "<group>"; };
		324F8C4324541B5D0072B824 /* PlanTableViewCell.swift */ = {isa = PBXFileReference; lastKnownFileType = sourcecode.swift; path = PlanTableViewCell.swift; sourceTree = "<group>"; };
		324F8C45245427F30072B824 /* RecordTests.swift */ = {isa = PBXFileReference; lastKnownFileType = sourcecode.swift; path = RecordTests.swift; sourceTree = "<group>"; };
		327355402444B8EC008FC810 /* Active Boomer.app */ = {isa = PBXFileReference; explicitFileType = wrapper.application; includeInIndex = 0; path = "Active Boomer.app"; sourceTree = BUILT_PRODUCTS_DIR; };
		327355432444B8EC008FC810 /* AppDelegate.swift */ = {isa = PBXFileReference; lastKnownFileType = sourcecode.swift; path = AppDelegate.swift; sourceTree = "<group>"; };
		327355452444B8EC008FC810 /* SceneDelegate.swift */ = {isa = PBXFileReference; lastKnownFileType = sourcecode.swift; path = SceneDelegate.swift; sourceTree = "<group>"; };
		327355472444B8EC008FC810 /* ViewController.swift */ = {isa = PBXFileReference; lastKnownFileType = sourcecode.swift; path = ViewController.swift; sourceTree = "<group>"; };
		3273554A2444B8EC008FC810 /* Base */ = {isa = PBXFileReference; lastKnownFileType = file.storyboard; name = Base; path = Base.lproj/Main.storyboard; sourceTree = "<group>"; };
		3273554C2444B8EE008FC810 /* Assets.xcassets */ = {isa = PBXFileReference; lastKnownFileType = folder.assetcatalog; path = Assets.xcassets; sourceTree = "<group>"; };
		3273554F2444B8EE008FC810 /* Base */ = {isa = PBXFileReference; lastKnownFileType = file.storyboard; name = Base; path = Base.lproj/LaunchScreen.storyboard; sourceTree = "<group>"; };
		327355512444B8EE008FC810 /* Info.plist */ = {isa = PBXFileReference; lastKnownFileType = text.plist.xml; path = Info.plist; sourceTree = "<group>"; };
		327355562444B8EE008FC810 /* ActiDiabetTests.xctest */ = {isa = PBXFileReference; explicitFileType = wrapper.cfbundle; includeInIndex = 0; path = ActiDiabetTests.xctest; sourceTree = BUILT_PRODUCTS_DIR; };
		3273555A2444B8EE008FC810 /* ActiDiabetTests.swift */ = {isa = PBXFileReference; lastKnownFileType = sourcecode.swift; path = ActiDiabetTests.swift; sourceTree = "<group>"; };
		3273555C2444B8EE008FC810 /* Info.plist */ = {isa = PBXFileReference; lastKnownFileType = text.plist.xml; path = Info.plist; sourceTree = "<group>"; };
		327355612444B8EE008FC810 /* ActiDiabetUITests.xctest */ = {isa = PBXFileReference; explicitFileType = wrapper.cfbundle; includeInIndex = 0; path = ActiDiabetUITests.xctest; sourceTree = BUILT_PRODUCTS_DIR; };
		327355652444B8EE008FC810 /* ActiDiabetUITests.swift */ = {isa = PBXFileReference; lastKnownFileType = sourcecode.swift; path = ActiDiabetUITests.swift; sourceTree = "<group>"; };
		327355672444B8EE008FC810 /* Info.plist */ = {isa = PBXFileReference; lastKnownFileType = text.plist.xml; path = Info.plist; sourceTree = "<group>"; };
		327355732444B946008FC810 /* WeatherAPI.swift */ = {isa = PBXFileReference; lastKnownFileType = sourcecode.swift; path = WeatherAPI.swift; sourceTree = "<group>"; };
		327355772444BDE5008FC810 /* WeatherView.swift */ = {isa = PBXFileReference; lastKnownFileType = sourcecode.swift; path = WeatherView.swift; sourceTree = "<group>"; };
		3273557B24459D17008FC810 /* CalendarButtonView.swift */ = {isa = PBXFileReference; lastKnownFileType = sourcecode.swift; path = CalendarButtonView.swift; sourceTree = "<group>"; };
		3273557E24459D71008FC810 /* ColorConstant.swift */ = {isa = PBXFileReference; lastKnownFileType = sourcecode.swift; path = ColorConstant.swift; sourceTree = "<group>"; };
		327355832445AE41008FC810 /* EnterDetailView.swift */ = {isa = PBXFileReference; lastKnownFileType = sourcecode.swift; path = EnterDetailView.swift; sourceTree = "<group>"; };
		327355852445C21D008FC810 /* ZipCodeTests.swift */ = {isa = PBXFileReference; lastKnownFileType = sourcecode.swift; path = ZipCodeTests.swift; sourceTree = "<group>"; };
		327355A92447386F008FC810 /* ActivityView.swift */ = {isa = PBXFileReference; lastKnownFileType = sourcecode.swift; path = ActivityView.swift; sourceTree = "<group>"; };
		327355AC24473B56008FC810 /* Activity.swift */ = {isa = PBXFileReference; lastKnownFileType = sourcecode.swift; path = Activity.swift; sourceTree = "<group>"; };
		327355AE24481F1E008FC810 /* SettingViewController.swift */ = {isa = PBXFileReference; lastKnownFileType = sourcecode.swift; path = SettingViewController.swift; sourceTree = "<group>"; };
		32836ACD24693928001B54CA /* FilterView.swift */ = {isa = PBXFileReference; lastKnownFileType = sourcecode.swift; path = FilterView.swift; sourceTree = "<group>"; };
		3284A795244EBA7D0003B025 /* ActivityTableViewCell.swift */ = {isa = PBXFileReference; lastKnownFileType = sourcecode.swift; path = ActivityTableViewCell.swift; sourceTree = "<group>"; };
		3284A797244ED49E0003B025 /* AllActivityViewController.swift */ = {isa = PBXFileReference; lastKnownFileType = sourcecode.swift; path = AllActivityViewController.swift; sourceTree = "<group>"; };
		329C61F52455781200B70A6A /* MapViewController.swift */ = {isa = PBXFileReference; lastKnownFileType = sourcecode.swift; path = MapViewController.swift; sourceTree = "<group>"; };
		329C61F724557EE400B70A6A /* Location.swift */ = {isa = PBXFileReference; lastKnownFileType = sourcecode.swift; path = Location.swift; sourceTree = "<group>"; };
		32FD2555246C27FB004A9B2A /* ActivityFilterViewController.swift */ = {isa = PBXFileReference; lastKnownFileType = sourcecode.swift; path = ActivityFilterViewController.swift; sourceTree = "<group>"; };
		32FD4B8824494816002D63B1 /* Notifications.swift */ = {isa = PBXFileReference; lastKnownFileType = sourcecode.swift; path = Notifications.swift; sourceTree = "<group>"; };
		32FD4B8A244AC1CE002D63B1 /* ActivityDetailViewController.swift */ = {isa = PBXFileReference; lastKnownFileType = sourcecode.swift; path = ActivityDetailViewController.swift; sourceTree = "<group>"; };
		32FD4B8C244B0345002D63B1 /* Intensity.swift */ = {isa = PBXFileReference; lastKnownFileType = sourcecode.swift; path = Intensity.swift; sourceTree = "<group>"; };
		387E884D342BDDB5B354984A /* Pods-ActiDiabet.release.xcconfig */ = {isa = PBXFileReference; includeInIndex = 1; lastKnownFileType = text.xcconfig; name = "Pods-ActiDiabet.release.xcconfig"; path = "Target Support Files/Pods-ActiDiabet/Pods-ActiDiabet.release.xcconfig"; sourceTree = "<group>"; };
		6DD7DA07C276C92346BD46FE /* Pods_ActiDiabet_ActiDiabetUITests.framework */ = {isa = PBXFileReference; explicitFileType = wrapper.framework; includeInIndex = 0; path = Pods_ActiDiabet_ActiDiabetUITests.framework; sourceTree = BUILT_PRODUCTS_DIR; };
		A8ACE39B77AAF04EFEBD5BFC /* Pods-ActiDiabetTests.release.xcconfig */ = {isa = PBXFileReference; includeInIndex = 1; lastKnownFileType = text.xcconfig; name = "Pods-ActiDiabetTests.release.xcconfig"; path = "Target Support Files/Pods-ActiDiabetTests/Pods-ActiDiabetTests.release.xcconfig"; sourceTree = "<group>"; };
		AB9D3BFDFF982BAD1431C1AB /* Pods-ActiDiabetTests.debug.xcconfig */ = {isa = PBXFileReference; includeInIndex = 1; lastKnownFileType = text.xcconfig; name = "Pods-ActiDiabetTests.debug.xcconfig"; path = "Target Support Files/Pods-ActiDiabetTests/Pods-ActiDiabetTests.debug.xcconfig"; sourceTree = "<group>"; };
		B3898C4A27F56DC1541C3EEB /* Pods-ActiDiabet-ActiDiabetUITests.release.xcconfig */ = {isa = PBXFileReference; includeInIndex = 1; lastKnownFileType = text.xcconfig; name = "Pods-ActiDiabet-ActiDiabetUITests.release.xcconfig"; path = "Target Support Files/Pods-ActiDiabet-ActiDiabetUITests/Pods-ActiDiabet-ActiDiabetUITests.release.xcconfig"; sourceTree = "<group>"; };
		CE99E9C50C0B22192D4E59FE /* Pods-ActiDiabet.debug.xcconfig */ = {isa = PBXFileReference; includeInIndex = 1; lastKnownFileType = text.xcconfig; name = "Pods-ActiDiabet.debug.xcconfig"; path = "Target Support Files/Pods-ActiDiabet/Pods-ActiDiabet.debug.xcconfig"; sourceTree = "<group>"; };
		EFC1783BF4BAED28555FE5DC /* Pods_ActiDiabetTests.framework */ = {isa = PBXFileReference; explicitFileType = wrapper.framework; includeInIndex = 0; path = Pods_ActiDiabetTests.framework; sourceTree = BUILT_PRODUCTS_DIR; };
/* End PBXFileReference section */

/* Begin PBXFrameworksBuildPhase section */
		3273553D2444B8EC008FC810 /* Frameworks */ = {
			isa = PBXFrameworksBuildPhase;
			buildActionMask = 2147483647;
			files = (
				83665686EC76EF19782CFC2F /* Pods_ActiDiabet.framework in Frameworks */,
			);
			runOnlyForDeploymentPostprocessing = 0;
		};
		327355532444B8EE008FC810 /* Frameworks */ = {
			isa = PBXFrameworksBuildPhase;
			buildActionMask = 2147483647;
			files = (
				F5F01D2D3EEBB3D1DF5AC72B /* Pods_ActiDiabetTests.framework in Frameworks */,
			);
			runOnlyForDeploymentPostprocessing = 0;
		};
		3273555E2444B8EE008FC810 /* Frameworks */ = {
			isa = PBXFrameworksBuildPhase;
			buildActionMask = 2147483647;
			files = (
				CC8568EFE0E7D5DF780F1978 /* Pods_ActiDiabet_ActiDiabetUITests.framework in Frameworks */,
			);
			runOnlyForDeploymentPostprocessing = 0;
		};
/* End PBXFrameworksBuildPhase section */

/* Begin PBXGroup section */
		321CDAA92452F13B00ECDE39 /* Extension */ = {
			isa = PBXGroup;
			children = (
				321CDAAA2452F14D00ECDE39 /* UIViewExtension.swift */,
			);
			path = Extension;
			sourceTree = "<group>";
		};
		321CDAAC2452FBA000ECDE39 /* Plan */ = {
			isa = PBXGroup;
			children = (
				321CDAAD2452FBB700ECDE39 /* CustomSegmentedControl.swift */,
				324F8C4324541B5D0072B824 /* PlanTableViewCell.swift */,
			);
			path = Plan;
			sourceTree = "<group>";
		};
		327355372444B8EC008FC810 = {
			isa = PBXGroup;
			children = (
				327355422444B8EC008FC810 /* ActiDiabet */,
				327355592444B8EE008FC810 /* ActiDiabetTests */,
				327355642444B8EE008FC810 /* ActiDiabetUITests */,
				327355412444B8EC008FC810 /* Products */,
				6821498CD8E547167B2EA097 /* Pods */,
				F601E1AE59F5DEA4E1415798 /* Frameworks */,
			);
			sourceTree = "<group>";
		};
		327355412444B8EC008FC810 /* Products */ = {
			isa = PBXGroup;
			children = (
				327355402444B8EC008FC810 /* Active Boomer.app */,
				327355562444B8EE008FC810 /* ActiDiabetTests.xctest */,
				327355612444B8EE008FC810 /* ActiDiabetUITests.xctest */,
			);
			name = Products;
			sourceTree = "<group>";
		};
		327355422444B8EC008FC810 /* ActiDiabet */ = {
			isa = PBXGroup;
			children = (
				321CDAA92452F13B00ECDE39 /* Extension */,
				32FD4B87244947FE002D63B1 /* Notification */,
				327355AB24473B3A008FC810 /* Modal */,
				327355802445A9E2008FC810 /* ViewController */,
				3273557D24459D66008FC810 /* Constant */,
				327355762444BDD5008FC810 /* CustomView */,
				327355752444B97B008FC810 /* Network */,
				327355432444B8EC008FC810 /* AppDelegate.swift */,
				327355452444B8EC008FC810 /* SceneDelegate.swift */,
				327355492444B8EC008FC810 /* Main.storyboard */,
				3273554C2444B8EE008FC810 /* Assets.xcassets */,
				3273554E2444B8EE008FC810 /* LaunchScreen.storyboard */,
				327355512444B8EE008FC810 /* Info.plist */,
			);
			path = ActiDiabet;
			sourceTree = "<group>";
		};
		327355592444B8EE008FC810 /* ActiDiabetTests */ = {
			isa = PBXGroup;
			children = (
				3273555A2444B8EE008FC810 /* ActiDiabetTests.swift */,
				327355852445C21D008FC810 /* ZipCodeTests.swift */,
				324F8C45245427F30072B824 /* RecordTests.swift */,
				3273555C2444B8EE008FC810 /* Info.plist */,
			);
			path = ActiDiabetTests;
			sourceTree = "<group>";
		};
		327355642444B8EE008FC810 /* ActiDiabetUITests */ = {
			isa = PBXGroup;
			children = (
				327355652444B8EE008FC810 /* ActiDiabetUITests.swift */,
				327355672444B8EE008FC810 /* Info.plist */,
			);
			path = ActiDiabetUITests;
			sourceTree = "<group>";
		};
		327355752444B97B008FC810 /* Network */ = {
			isa = PBXGroup;
			children = (
				327355732444B946008FC810 /* WeatherAPI.swift */,
				321CDAA0245028AF00ECDE39 /* DatabaseController.swift */,
				321CDAA22452989A00ECDE39 /* MulticastDelegate.swift */,
				324F8C4124540AAE0072B824 /* Favourite.swift */,
			);
			path = Network;
			sourceTree = "<group>";
		};
		327355762444BDD5008FC810 /* CustomView */ = {
			isa = PBXGroup;
			children = (
				32AA44FC2464FD2E00237C3A /* Map */,
				321CDAAC2452FBA000ECDE39 /* Plan */,
				327355882445C7F4008FC810 /* All Activity */,
				327355872445C7E5008FC810 /* Home */,
			);
			path = CustomView;
			sourceTree = "<group>";
		};
		3273557D24459D66008FC810 /* Constant */ = {
			isa = PBXGroup;
			children = (
				3273557E24459D71008FC810 /* ColorConstant.swift */,
			);
			path = Constant;
			sourceTree = "<group>";
		};
		327355802445A9E2008FC810 /* ViewController */ = {
			isa = PBXGroup;
			children = (
				327355472444B8EC008FC810 /* ViewController.swift */,
				327355AE24481F1E008FC810 /* SettingViewController.swift */,
				32FD4B8A244AC1CE002D63B1 /* ActivityDetailViewController.swift */,
				3284A797244ED49E0003B025 /* AllActivityViewController.swift */,
				321CDAAF2453012100ECDE39 /* PlanViewController.swift */,
				329C61F52455781200B70A6A /* MapViewController.swift */,
				32FD2555246C27FB004A9B2A /* ActivityFilterViewController.swift */,
			);
			path = ViewController;
			sourceTree = "<group>";
		};
		327355872445C7E5008FC810 /* Home */ = {
			isa = PBXGroup;
			children = (
				327355772444BDE5008FC810 /* WeatherView.swift */,
				3273557B24459D17008FC810 /* CalendarButtonView.swift */,
				327355832445AE41008FC810 /* EnterDetailView.swift */,
				327355A92447386F008FC810 /* ActivityView.swift */,
			);
			path = Home;
			sourceTree = "<group>";
		};
		327355882445C7F4008FC810 /* All Activity */ = {
			isa = PBXGroup;
			children = (
				3284A795244EBA7D0003B025 /* ActivityTableViewCell.swift */,
			);
			path = "All Activity";
			sourceTree = "<group>";
		};
		327355AB24473B3A008FC810 /* Modal */ = {
			isa = PBXGroup;
			children = (
				321CDAA42452B9F000ECDE39 /* LogDataModal.xcdatamodeld */,
				327355AC24473B56008FC810 /* Activity.swift */,
				32FD4B8C244B0345002D63B1 /* Intensity.swift */,
				321CDAA72452BB0300ECDE39 /* CoredataController.swift */,
				329C61F724557EE400B70A6A /* Location.swift */,
			);
			path = Modal;
			sourceTree = "<group>";
		};
		32AA44FC2464FD2E00237C3A /* Map */ = {
			isa = PBXGroup;
			children = (
				32836ACD24693928001B54CA /* FilterView.swift */,
			);
			path = Map;
			sourceTree = "<group>";
		};
		32FD4B87244947FE002D63B1 /* Notification */ = {
			isa = PBXGroup;
			children = (
				32FD4B8824494816002D63B1 /* Notifications.swift */,
			);
			path = Notification;
			sourceTree = "<group>";
		};
		6821498CD8E547167B2EA097 /* Pods */ = {
			isa = PBXGroup;
			children = (
				CE99E9C50C0B22192D4E59FE /* Pods-ActiDiabet.debug.xcconfig */,
				387E884D342BDDB5B354984A /* Pods-ActiDiabet.release.xcconfig */,
				14D3BD04D4B7F8E5A178925B /* Pods-ActiDiabet-ActiDiabetUITests.debug.xcconfig */,
				B3898C4A27F56DC1541C3EEB /* Pods-ActiDiabet-ActiDiabetUITests.release.xcconfig */,
				AB9D3BFDFF982BAD1431C1AB /* Pods-ActiDiabetTests.debug.xcconfig */,
				A8ACE39B77AAF04EFEBD5BFC /* Pods-ActiDiabetTests.release.xcconfig */,
			);
			path = Pods;
			sourceTree = "<group>";
		};
		F601E1AE59F5DEA4E1415798 /* Frameworks */ = {
			isa = PBXGroup;
			children = (
				1618107CC401C2102B574E6A /* Pods_ActiDiabet.framework */,
				6DD7DA07C276C92346BD46FE /* Pods_ActiDiabet_ActiDiabetUITests.framework */,
				EFC1783BF4BAED28555FE5DC /* Pods_ActiDiabetTests.framework */,
			);
			name = Frameworks;
			sourceTree = "<group>";
		};
/* End PBXGroup section */

/* Begin PBXNativeTarget section */
		3273553F2444B8EC008FC810 /* ActiDiabet */ = {
			isa = PBXNativeTarget;
			buildConfigurationList = 3273556A2444B8EE008FC810 /* Build configuration list for PBXNativeTarget "ActiDiabet" */;
			buildPhases = (
				DDD38BBA9F565B836BCC0647 /* [CP] Check Pods Manifest.lock */,
				3273553C2444B8EC008FC810 /* Sources */,
				3273553D2444B8EC008FC810 /* Frameworks */,
				3273553E2444B8EC008FC810 /* Resources */,
				A4845F5AC216AC39D1C87536 /* [CP] Embed Pods Frameworks */,
			);
			buildRules = (
			);
			dependencies = (
			);
			name = ActiDiabet;
			productName = ActiDiabet;
			productReference = 327355402444B8EC008FC810 /* Active Boomer.app */;
			productType = "com.apple.product-type.application";
		};
		327355552444B8EE008FC810 /* ActiDiabetTests */ = {
			isa = PBXNativeTarget;
			buildConfigurationList = 3273556D2444B8EE008FC810 /* Build configuration list for PBXNativeTarget "ActiDiabetTests" */;
			buildPhases = (
				6C011CE2EB18B9C90B57A121 /* [CP] Check Pods Manifest.lock */,
				327355522444B8EE008FC810 /* Sources */,
				327355532444B8EE008FC810 /* Frameworks */,
				327355542444B8EE008FC810 /* Resources */,
			);
			buildRules = (
			);
			dependencies = (
				327355582444B8EE008FC810 /* PBXTargetDependency */,
			);
			name = ActiDiabetTests;
			productName = ActiDiabetTests;
			productReference = 327355562444B8EE008FC810 /* ActiDiabetTests.xctest */;
			productType = "com.apple.product-type.bundle.unit-test";
		};
		327355602444B8EE008FC810 /* ActiDiabetUITests */ = {
			isa = PBXNativeTarget;
			buildConfigurationList = 327355702444B8EE008FC810 /* Build configuration list for PBXNativeTarget "ActiDiabetUITests" */;
			buildPhases = (
				F23A6D3E50FD47520EE1B34E /* [CP] Check Pods Manifest.lock */,
				3273555D2444B8EE008FC810 /* Sources */,
				3273555E2444B8EE008FC810 /* Frameworks */,
				3273555F2444B8EE008FC810 /* Resources */,
				DB92DF8DD333B3F351A6EFCC /* [CP] Embed Pods Frameworks */,
			);
			buildRules = (
			);
			dependencies = (
				327355632444B8EE008FC810 /* PBXTargetDependency */,
			);
			name = ActiDiabetUITests;
			productName = ActiDiabetUITests;
			productReference = 327355612444B8EE008FC810 /* ActiDiabetUITests.xctest */;
			productType = "com.apple.product-type.bundle.ui-testing";
		};
/* End PBXNativeTarget section */

/* Begin PBXProject section */
		327355382444B8EC008FC810 /* Project object */ = {
			isa = PBXProject;
			attributes = {
				LastSwiftUpdateCheck = 1140;
				LastUpgradeCheck = 1140;
				ORGANIZATIONNAME = "Shibo Tong";
				TargetAttributes = {
					3273553F2444B8EC008FC810 = {
						CreatedOnToolsVersion = 11.4;
					};
					327355552444B8EE008FC810 = {
						CreatedOnToolsVersion = 11.4;
						TestTargetID = 3273553F2444B8EC008FC810;
					};
					327355602444B8EE008FC810 = {
						CreatedOnToolsVersion = 11.4;
						TestTargetID = 3273553F2444B8EC008FC810;
					};
				};
			};
			buildConfigurationList = 3273553B2444B8EC008FC810 /* Build configuration list for PBXProject "ActiDiabet" */;
			compatibilityVersion = "Xcode 9.3";
			developmentRegion = en;
			hasScannedForEncodings = 0;
			knownRegions = (
				en,
				Base,
			);
			mainGroup = 327355372444B8EC008FC810;
			productRefGroup = 327355412444B8EC008FC810 /* Products */;
			projectDirPath = "";
			projectRoot = "";
			targets = (
				3273553F2444B8EC008FC810 /* ActiDiabet */,
				327355552444B8EE008FC810 /* ActiDiabetTests */,
				327355602444B8EE008FC810 /* ActiDiabetUITests */,
			);
		};
/* End PBXProject section */

/* Begin PBXResourcesBuildPhase section */
		3273553E2444B8EC008FC810 /* Resources */ = {
			isa = PBXResourcesBuildPhase;
			buildActionMask = 2147483647;
			files = (
				327355502444B8EE008FC810 /* LaunchScreen.storyboard in Resources */,
				3273554D2444B8EE008FC810 /* Assets.xcassets in Resources */,
				3273554B2444B8EC008FC810 /* Main.storyboard in Resources */,
			);
			runOnlyForDeploymentPostprocessing = 0;
		};
		327355542444B8EE008FC810 /* Resources */ = {
			isa = PBXResourcesBuildPhase;
			buildActionMask = 2147483647;
			files = (
			);
			runOnlyForDeploymentPostprocessing = 0;
		};
		3273555F2444B8EE008FC810 /* Resources */ = {
			isa = PBXResourcesBuildPhase;
			buildActionMask = 2147483647;
			files = (
			);
			runOnlyForDeploymentPostprocessing = 0;
		};
/* End PBXResourcesBuildPhase section */

/* Begin PBXShellScriptBuildPhase section */
		6C011CE2EB18B9C90B57A121 /* [CP] Check Pods Manifest.lock */ = {
			isa = PBXShellScriptBuildPhase;
			buildActionMask = 2147483647;
			files = (
			);
			inputFileListPaths = (
			);
			inputPaths = (
				"${PODS_PODFILE_DIR_PATH}/Podfile.lock",
				"${PODS_ROOT}/Manifest.lock",
			);
			name = "[CP] Check Pods Manifest.lock";
			outputFileListPaths = (
			);
			outputPaths = (
				"$(DERIVED_FILE_DIR)/Pods-ActiDiabetTests-checkManifestLockResult.txt",
			);
			runOnlyForDeploymentPostprocessing = 0;
			shellPath = /bin/sh;
			shellScript = "diff \"${PODS_PODFILE_DIR_PATH}/Podfile.lock\" \"${PODS_ROOT}/Manifest.lock\" > /dev/null\nif [ $? != 0 ] ; then\n    # print error to STDERR\n    echo \"error: The sandbox is not in sync with the Podfile.lock. Run 'pod install' or update your CocoaPods installation.\" >&2\n    exit 1\nfi\n# This output is used by Xcode 'outputs' to avoid re-running this script phase.\necho \"SUCCESS\" > \"${SCRIPT_OUTPUT_FILE_0}\"\n";
			showEnvVarsInLog = 0;
		};
		A4845F5AC216AC39D1C87536 /* [CP] Embed Pods Frameworks */ = {
			isa = PBXShellScriptBuildPhase;
			buildActionMask = 2147483647;
			files = (
			);
			inputFileListPaths = (
				"${PODS_ROOT}/Target Support Files/Pods-ActiDiabet/Pods-ActiDiabet-frameworks-${CONFIGURATION}-input-files.xcfilelist",
			);
			name = "[CP] Embed Pods Frameworks";
			outputFileListPaths = (
				"${PODS_ROOT}/Target Support Files/Pods-ActiDiabet/Pods-ActiDiabet-frameworks-${CONFIGURATION}-output-files.xcfilelist",
			);
			runOnlyForDeploymentPostprocessing = 0;
			shellPath = /bin/sh;
			shellScript = "\"${PODS_ROOT}/Target Support Files/Pods-ActiDiabet/Pods-ActiDiabet-frameworks.sh\"\n";
			showEnvVarsInLog = 0;
		};
		DB92DF8DD333B3F351A6EFCC /* [CP] Embed Pods Frameworks */ = {
			isa = PBXShellScriptBuildPhase;
			buildActionMask = 2147483647;
			files = (
			);
			inputFileListPaths = (
				"${PODS_ROOT}/Target Support Files/Pods-ActiDiabet-ActiDiabetUITests/Pods-ActiDiabet-ActiDiabetUITests-frameworks-${CONFIGURATION}-input-files.xcfilelist",
			);
			name = "[CP] Embed Pods Frameworks";
			outputFileListPaths = (
				"${PODS_ROOT}/Target Support Files/Pods-ActiDiabet-ActiDiabetUITests/Pods-ActiDiabet-ActiDiabetUITests-frameworks-${CONFIGURATION}-output-files.xcfilelist",
			);
			runOnlyForDeploymentPostprocessing = 0;
			shellPath = /bin/sh;
			shellScript = "\"${PODS_ROOT}/Target Support Files/Pods-ActiDiabet-ActiDiabetUITests/Pods-ActiDiabet-ActiDiabetUITests-frameworks.sh\"\n";
			showEnvVarsInLog = 0;
		};
		DDD38BBA9F565B836BCC0647 /* [CP] Check Pods Manifest.lock */ = {
			isa = PBXShellScriptBuildPhase;
			buildActionMask = 2147483647;
			files = (
			);
			inputFileListPaths = (
			);
			inputPaths = (
				"${PODS_PODFILE_DIR_PATH}/Podfile.lock",
				"${PODS_ROOT}/Manifest.lock",
			);
			name = "[CP] Check Pods Manifest.lock";
			outputFileListPaths = (
			);
			outputPaths = (
				"$(DERIVED_FILE_DIR)/Pods-ActiDiabet-checkManifestLockResult.txt",
			);
			runOnlyForDeploymentPostprocessing = 0;
			shellPath = /bin/sh;
			shellScript = "diff \"${PODS_PODFILE_DIR_PATH}/Podfile.lock\" \"${PODS_ROOT}/Manifest.lock\" > /dev/null\nif [ $? != 0 ] ; then\n    # print error to STDERR\n    echo \"error: The sandbox is not in sync with the Podfile.lock. Run 'pod install' or update your CocoaPods installation.\" >&2\n    exit 1\nfi\n# This output is used by Xcode 'outputs' to avoid re-running this script phase.\necho \"SUCCESS\" > \"${SCRIPT_OUTPUT_FILE_0}\"\n";
			showEnvVarsInLog = 0;
		};
		F23A6D3E50FD47520EE1B34E /* [CP] Check Pods Manifest.lock */ = {
			isa = PBXShellScriptBuildPhase;
			buildActionMask = 2147483647;
			files = (
			);
			inputFileListPaths = (
			);
			inputPaths = (
				"${PODS_PODFILE_DIR_PATH}/Podfile.lock",
				"${PODS_ROOT}/Manifest.lock",
			);
			name = "[CP] Check Pods Manifest.lock";
			outputFileListPaths = (
			);
			outputPaths = (
				"$(DERIVED_FILE_DIR)/Pods-ActiDiabet-ActiDiabetUITests-checkManifestLockResult.txt",
			);
			runOnlyForDeploymentPostprocessing = 0;
			shellPath = /bin/sh;
			shellScript = "diff \"${PODS_PODFILE_DIR_PATH}/Podfile.lock\" \"${PODS_ROOT}/Manifest.lock\" > /dev/null\nif [ $? != 0 ] ; then\n    # print error to STDERR\n    echo \"error: The sandbox is not in sync with the Podfile.lock. Run 'pod install' or update your CocoaPods installation.\" >&2\n    exit 1\nfi\n# This output is used by Xcode 'outputs' to avoid re-running this script phase.\necho \"SUCCESS\" > \"${SCRIPT_OUTPUT_FILE_0}\"\n";
			showEnvVarsInLog = 0;
		};
/* End PBXShellScriptBuildPhase section */

/* Begin PBXSourcesBuildPhase section */
		3273553C2444B8EC008FC810 /* Sources */ = {
			isa = PBXSourcesBuildPhase;
			buildActionMask = 2147483647;
			files = (
				32836ACE24693929001B54CA /* FilterView.swift in Sources */,
				321CDAA62452B9F000ECDE39 /* LogDataModal.xcdatamodeld in Sources */,
				32FD4B8924494816002D63B1 /* Notifications.swift in Sources */,
				327355AD24473B56008FC810 /* Activity.swift in Sources */,
				327355AF24481F1E008FC810 /* SettingViewController.swift in Sources */,
				327355782444BDE5008FC810 /* WeatherView.swift in Sources */,
				329C61F824557EE400B70A6A /* Location.swift in Sources */,
				327355482444B8EC008FC810 /* ViewController.swift in Sources */,
				3284A798244ED49E0003B025 /* AllActivityViewController.swift in Sources */,
				321CDAAE2452FBB700ECDE39 /* CustomSegmentedControl.swift in Sources */,
				32FD4B8D244B0345002D63B1 /* Intensity.swift in Sources */,
				324F8C4424541B5E0072B824 /* PlanTableViewCell.swift in Sources */,
				327355742444B946008FC810 /* WeatherAPI.swift in Sources */,
				3273557F24459D71008FC810 /* ColorConstant.swift in Sources */,
				327355842445AE41008FC810 /* EnterDetailView.swift in Sources */,
				327355AA2447386F008FC810 /* ActivityView.swift in Sources */,
				324F8C4224540AAE0072B824 /* Favourite.swift in Sources */,
				321CDAA32452989A00ECDE39 /* MulticastDelegate.swift in Sources */,
				327355442444B8EC008FC810 /* AppDelegate.swift in Sources */,
				32FD4B8B244AC1CE002D63B1 /* ActivityDetailViewController.swift in Sources */,
				321CDAA1245028AF00ECDE39 /* DatabaseController.swift in Sources */,
				327355462444B8EC008FC810 /* SceneDelegate.swift in Sources */,
				3284A796244EBA7D0003B025 /* ActivityTableViewCell.swift in Sources */,
				329C61F62455781200B70A6A /* MapViewController.swift in Sources */,
				321CDAB02453012100ECDE39 /* PlanViewController.swift in Sources */,
				321CDAAB2452F14D00ECDE39 /* UIViewExtension.swift in Sources */,
				32FD2556246C27FB004A9B2A /* ActivityFilterViewController.swift in Sources */,
				321CDAA82452BB0300ECDE39 /* CoredataController.swift in Sources */,
				3273557C24459D17008FC810 /* CalendarButtonView.swift in Sources */,
			);
			runOnlyForDeploymentPostprocessing = 0;
		};
		327355522444B8EE008FC810 /* Sources */ = {
			isa = PBXSourcesBuildPhase;
			buildActionMask = 2147483647;
			files = (
				327355862445C21D008FC810 /* ZipCodeTests.swift in Sources */,
				3273555B2444B8EE008FC810 /* ActiDiabetTests.swift in Sources */,
				324F8C46245427F30072B824 /* RecordTests.swift in Sources */,
			);
			runOnlyForDeploymentPostprocessing = 0;
		};
		3273555D2444B8EE008FC810 /* Sources */ = {
			isa = PBXSourcesBuildPhase;
			buildActionMask = 2147483647;
			files = (
				327355662444B8EE008FC810 /* ActiDiabetUITests.swift in Sources */,
			);
			runOnlyForDeploymentPostprocessing = 0;
		};
/* End PBXSourcesBuildPhase section */

/* Begin PBXTargetDependency section */
		327355582444B8EE008FC810 /* PBXTargetDependency */ = {
			isa = PBXTargetDependency;
			target = 3273553F2444B8EC008FC810 /* ActiDiabet */;
			targetProxy = 327355572444B8EE008FC810 /* PBXContainerItemProxy */;
		};
		327355632444B8EE008FC810 /* PBXTargetDependency */ = {
			isa = PBXTargetDependency;
			target = 3273553F2444B8EC008FC810 /* ActiDiabet */;
			targetProxy = 327355622444B8EE008FC810 /* PBXContainerItemProxy */;
		};
/* End PBXTargetDependency section */

/* Begin PBXVariantGroup section */
		327355492444B8EC008FC810 /* Main.storyboard */ = {
			isa = PBXVariantGroup;
			children = (
				3273554A2444B8EC008FC810 /* Base */,
			);
			name = Main.storyboard;
			sourceTree = "<group>";
		};
		3273554E2444B8EE008FC810 /* LaunchScreen.storyboard */ = {
			isa = PBXVariantGroup;
			children = (
				3273554F2444B8EE008FC810 /* Base */,
			);
			name = LaunchScreen.storyboard;
			sourceTree = "<group>";
		};
/* End PBXVariantGroup section */

/* Begin XCBuildConfiguration section */
		327355682444B8EE008FC810 /* Debug */ = {
			isa = XCBuildConfiguration;
			buildSettings = {
				ALWAYS_SEARCH_USER_PATHS = NO;
				CLANG_ANALYZER_NONNULL = YES;
				CLANG_ANALYZER_NUMBER_OBJECT_CONVERSION = YES_AGGRESSIVE;
				CLANG_CXX_LANGUAGE_STANDARD = "gnu++14";
				CLANG_CXX_LIBRARY = "libc++";
				CLANG_ENABLE_MODULES = YES;
				CLANG_ENABLE_OBJC_ARC = YES;
				CLANG_ENABLE_OBJC_WEAK = YES;
				CLANG_WARN_BLOCK_CAPTURE_AUTORELEASING = YES;
				CLANG_WARN_BOOL_CONVERSION = YES;
				CLANG_WARN_COMMA = YES;
				CLANG_WARN_CONSTANT_CONVERSION = YES;
				CLANG_WARN_DEPRECATED_OBJC_IMPLEMENTATIONS = YES;
				CLANG_WARN_DIRECT_OBJC_ISA_USAGE = YES_ERROR;
				CLANG_WARN_DOCUMENTATION_COMMENTS = YES;
				CLANG_WARN_EMPTY_BODY = YES;
				CLANG_WARN_ENUM_CONVERSION = YES;
				CLANG_WARN_INFINITE_RECURSION = YES;
				CLANG_WARN_INT_CONVERSION = YES;
				CLANG_WARN_NON_LITERAL_NULL_CONVERSION = YES;
				CLANG_WARN_OBJC_IMPLICIT_RETAIN_SELF = YES;
				CLANG_WARN_OBJC_LITERAL_CONVERSION = YES;
				CLANG_WARN_OBJC_ROOT_CLASS = YES_ERROR;
				CLANG_WARN_RANGE_LOOP_ANALYSIS = YES;
				CLANG_WARN_STRICT_PROTOTYPES = YES;
				CLANG_WARN_SUSPICIOUS_MOVE = YES;
				CLANG_WARN_UNGUARDED_AVAILABILITY = YES_AGGRESSIVE;
				CLANG_WARN_UNREACHABLE_CODE = YES;
				CLANG_WARN__DUPLICATE_METHOD_MATCH = YES;
				COPY_PHASE_STRIP = NO;
				DEBUG_INFORMATION_FORMAT = dwarf;
				ENABLE_STRICT_OBJC_MSGSEND = YES;
				ENABLE_TESTABILITY = YES;
				GCC_C_LANGUAGE_STANDARD = gnu11;
				GCC_DYNAMIC_NO_PIC = NO;
				GCC_NO_COMMON_BLOCKS = YES;
				GCC_OPTIMIZATION_LEVEL = 0;
				GCC_PREPROCESSOR_DEFINITIONS = (
					"DEBUG=1",
					"$(inherited)",
				);
				GCC_WARN_64_TO_32_BIT_CONVERSION = YES;
				GCC_WARN_ABOUT_RETURN_TYPE = YES_ERROR;
				GCC_WARN_UNDECLARED_SELECTOR = YES;
				GCC_WARN_UNINITIALIZED_AUTOS = YES_AGGRESSIVE;
				GCC_WARN_UNUSED_FUNCTION = YES;
				GCC_WARN_UNUSED_VARIABLE = YES;
				IPHONEOS_DEPLOYMENT_TARGET = 13.0;
				MTL_ENABLE_DEBUG_INFO = INCLUDE_SOURCE;
				MTL_FAST_MATH = YES;
				ONLY_ACTIVE_ARCH = YES;
				SDKROOT = iphoneos;
				SWIFT_ACTIVE_COMPILATION_CONDITIONS = DEBUG;
				SWIFT_OPTIMIZATION_LEVEL = "-Onone";
			};
			name = Debug;
		};
		327355692444B8EE008FC810 /* Release */ = {
			isa = XCBuildConfiguration;
			buildSettings = {
				ALWAYS_SEARCH_USER_PATHS = NO;
				CLANG_ANALYZER_NONNULL = YES;
				CLANG_ANALYZER_NUMBER_OBJECT_CONVERSION = YES_AGGRESSIVE;
				CLANG_CXX_LANGUAGE_STANDARD = "gnu++14";
				CLANG_CXX_LIBRARY = "libc++";
				CLANG_ENABLE_MODULES = YES;
				CLANG_ENABLE_OBJC_ARC = YES;
				CLANG_ENABLE_OBJC_WEAK = YES;
				CLANG_WARN_BLOCK_CAPTURE_AUTORELEASING = YES;
				CLANG_WARN_BOOL_CONVERSION = YES;
				CLANG_WARN_COMMA = YES;
				CLANG_WARN_CONSTANT_CONVERSION = YES;
				CLANG_WARN_DEPRECATED_OBJC_IMPLEMENTATIONS = YES;
				CLANG_WARN_DIRECT_OBJC_ISA_USAGE = YES_ERROR;
				CLANG_WARN_DOCUMENTATION_COMMENTS = YES;
				CLANG_WARN_EMPTY_BODY = YES;
				CLANG_WARN_ENUM_CONVERSION = YES;
				CLANG_WARN_INFINITE_RECURSION = YES;
				CLANG_WARN_INT_CONVERSION = YES;
				CLANG_WARN_NON_LITERAL_NULL_CONVERSION = YES;
				CLANG_WARN_OBJC_IMPLICIT_RETAIN_SELF = YES;
				CLANG_WARN_OBJC_LITERAL_CONVERSION = YES;
				CLANG_WARN_OBJC_ROOT_CLASS = YES_ERROR;
				CLANG_WARN_RANGE_LOOP_ANALYSIS = YES;
				CLANG_WARN_STRICT_PROTOTYPES = YES;
				CLANG_WARN_SUSPICIOUS_MOVE = YES;
				CLANG_WARN_UNGUARDED_AVAILABILITY = YES_AGGRESSIVE;
				CLANG_WARN_UNREACHABLE_CODE = YES;
				CLANG_WARN__DUPLICATE_METHOD_MATCH = YES;
				COPY_PHASE_STRIP = NO;
				DEBUG_INFORMATION_FORMAT = "dwarf-with-dsym";
				ENABLE_NS_ASSERTIONS = NO;
				ENABLE_STRICT_OBJC_MSGSEND = YES;
				GCC_C_LANGUAGE_STANDARD = gnu11;
				GCC_NO_COMMON_BLOCKS = YES;
				GCC_WARN_64_TO_32_BIT_CONVERSION = YES;
				GCC_WARN_ABOUT_RETURN_TYPE = YES_ERROR;
				GCC_WARN_UNDECLARED_SELECTOR = YES;
				GCC_WARN_UNINITIALIZED_AUTOS = YES_AGGRESSIVE;
				GCC_WARN_UNUSED_FUNCTION = YES;
				GCC_WARN_UNUSED_VARIABLE = YES;
				IPHONEOS_DEPLOYMENT_TARGET = 13.0;
				MTL_ENABLE_DEBUG_INFO = NO;
				MTL_FAST_MATH = YES;
				SDKROOT = iphoneos;
				SWIFT_COMPILATION_MODE = wholemodule;
				SWIFT_OPTIMIZATION_LEVEL = "-O";
				VALIDATE_PRODUCT = YES;
			};
			name = Release;
		};
		3273556B2444B8EE008FC810 /* Debug */ = {
			isa = XCBuildConfiguration;
			baseConfigurationReference = CE99E9C50C0B22192D4E59FE /* Pods-ActiDiabet.debug.xcconfig */;
			buildSettings = {
				ASSETCATALOG_COMPILER_APPICON_NAME = AppIcon;
				CODE_SIGN_STYLE = Automatic;
				CURRENT_PROJECT_VERSION = 2;
				DEVELOPMENT_TEAM = 6ZU3XJ94Y7;
				INFOPLIST_FILE = ActiDiabet/Info.plist;
				LD_RUNPATH_SEARCH_PATHS = (
					"$(inherited)",
					"@executable_path/Frameworks",
				);
				PRODUCT_BUNDLE_IDENTIFIER = com.shibodev.ActiDiabet;
				PRODUCT_NAME = "Active Boomer";
				SWIFT_VERSION = 5.0;
				TARGETED_DEVICE_FAMILY = 1;
			};
			name = Debug;
		};
		3273556C2444B8EE008FC810 /* Release */ = {
			isa = XCBuildConfiguration;
			baseConfigurationReference = 387E884D342BDDB5B354984A /* Pods-ActiDiabet.release.xcconfig */;
			buildSettings = {
				ASSETCATALOG_COMPILER_APPICON_NAME = AppIcon;
				CODE_SIGN_STYLE = Automatic;
				CURRENT_PROJECT_VERSION = 2;
				DEVELOPMENT_TEAM = 6ZU3XJ94Y7;
				INFOPLIST_FILE = ActiDiabet/Info.plist;
				LD_RUNPATH_SEARCH_PATHS = (
					"$(inherited)",
					"@executable_path/Frameworks",
				);
				PRODUCT_BUNDLE_IDENTIFIER = com.shibodev.ActiDiabet;
				PRODUCT_NAME = "Active Boomer";
				SWIFT_VERSION = 5.0;
				TARGETED_DEVICE_FAMILY = 1;
			};
			name = Release;
		};
		3273556E2444B8EE008FC810 /* Debug */ = {
			isa = XCBuildConfiguration;
			baseConfigurationReference = AB9D3BFDFF982BAD1431C1AB /* Pods-ActiDiabetTests.debug.xcconfig */;
			buildSettings = {
				ALWAYS_EMBED_SWIFT_STANDARD_LIBRARIES = YES;
				BUNDLE_LOADER = "$(TEST_HOST)";
				CODE_SIGN_STYLE = Automatic;
				DEVELOPMENT_TEAM = 6ZU3XJ94Y7;
				INFOPLIST_FILE = ActiDiabetTests/Info.plist;
				IPHONEOS_DEPLOYMENT_TARGET = 13.4;
				LD_RUNPATH_SEARCH_PATHS = (
					"$(inherited)",
					"@executable_path/Frameworks",
					"@loader_path/Frameworks",
				);
				PRODUCT_BUNDLE_IDENTIFIER = com.shibodev.ActiDiabetTests;
				PRODUCT_NAME = "$(TARGET_NAME)";
				SWIFT_VERSION = 5.0;
				TARGETED_DEVICE_FAMILY = "1,2";
				TEST_HOST = "$(BUILT_PRODUCTS_DIR)/ActiDiabet.app/ActiDiabet";
			};
			name = Debug;
		};
		3273556F2444B8EE008FC810 /* Release */ = {
			isa = XCBuildConfiguration;
			baseConfigurationReference = A8ACE39B77AAF04EFEBD5BFC /* Pods-ActiDiabetTests.release.xcconfig */;
			buildSettings = {
				ALWAYS_EMBED_SWIFT_STANDARD_LIBRARIES = YES;
				BUNDLE_LOADER = "$(TEST_HOST)";
				CODE_SIGN_STYLE = Automatic;
				DEVELOPMENT_TEAM = 6ZU3XJ94Y7;
				INFOPLIST_FILE = ActiDiabetTests/Info.plist;
				IPHONEOS_DEPLOYMENT_TARGET = 13.4;
				LD_RUNPATH_SEARCH_PATHS = (
					"$(inherited)",
					"@executable_path/Frameworks",
					"@loader_path/Frameworks",
				);
				PRODUCT_BUNDLE_IDENTIFIER = com.shibodev.ActiDiabetTests;
				PRODUCT_NAME = "$(TARGET_NAME)";
				SWIFT_VERSION = 5.0;
				TARGETED_DEVICE_FAMILY = "1,2";
				TEST_HOST = "$(BUILT_PRODUCTS_DIR)/ActiDiabet.app/ActiDiabet";
			};
			name = Release;
		};
		327355712444B8EE008FC810 /* Debug */ = {
			isa = XCBuildConfiguration;
			baseConfigurationReference = 14D3BD04D4B7F8E5A178925B /* Pods-ActiDiabet-ActiDiabetUITests.debug.xcconfig */;
			buildSettings = {
				ALWAYS_EMBED_SWIFT_STANDARD_LIBRARIES = YES;
				CODE_SIGN_STYLE = Automatic;
				DEVELOPMENT_TEAM = 6ZU3XJ94Y7;
				INFOPLIST_FILE = ActiDiabetUITests/Info.plist;
				LD_RUNPATH_SEARCH_PATHS = (
					"$(inherited)",
					"@executable_path/Frameworks",
					"@loader_path/Frameworks",
				);
				PRODUCT_BUNDLE_IDENTIFIER = com.shibodev.ActiDiabetUITests;
				PRODUCT_NAME = "$(TARGET_NAME)";
				SWIFT_VERSION = 5.0;
				TARGETED_DEVICE_FAMILY = "1,2";
				TEST_TARGET_NAME = ActiDiabet;
			};
			name = Debug;
		};
		327355722444B8EE008FC810 /* Release */ = {
			isa = XCBuildConfiguration;
			baseConfigurationReference = B3898C4A27F56DC1541C3EEB /* Pods-ActiDiabet-ActiDiabetUITests.release.xcconfig */;
			buildSettings = {
				ALWAYS_EMBED_SWIFT_STANDARD_LIBRARIES = YES;
				CODE_SIGN_STYLE = Automatic;
				DEVELOPMENT_TEAM = 6ZU3XJ94Y7;
				INFOPLIST_FILE = ActiDiabetUITests/Info.plist;
				LD_RUNPATH_SEARCH_PATHS = (
					"$(inherited)",
					"@executable_path/Frameworks",
					"@loader_path/Frameworks",
				);
				PRODUCT_BUNDLE_IDENTIFIER = com.shibodev.ActiDiabetUITests;
				PRODUCT_NAME = "$(TARGET_NAME)";
				SWIFT_VERSION = 5.0;
				TARGETED_DEVICE_FAMILY = "1,2";
				TEST_TARGET_NAME = ActiDiabet;
			};
			name = Release;
		};
/* End XCBuildConfiguration section */

/* Begin XCConfigurationList section */
		3273553B2444B8EC008FC810 /* Build configuration list for PBXProject "ActiDiabet" */ = {
			isa = XCConfigurationList;
			buildConfigurations = (
				327355682444B8EE008FC810 /* Debug */,
				327355692444B8EE008FC810 /* Release */,
			);
			defaultConfigurationIsVisible = 0;
			defaultConfigurationName = Release;
		};
		3273556A2444B8EE008FC810 /* Build configuration list for PBXNativeTarget "ActiDiabet" */ = {
			isa = XCConfigurationList;
			buildConfigurations = (
				3273556B2444B8EE008FC810 /* Debug */,
				3273556C2444B8EE008FC810 /* Release */,
			);
			defaultConfigurationIsVisible = 0;
			defaultConfigurationName = Release;
		};
		3273556D2444B8EE008FC810 /* Build configuration list for PBXNativeTarget "ActiDiabetTests" */ = {
			isa = XCConfigurationList;
			buildConfigurations = (
				3273556E2444B8EE008FC810 /* Debug */,
				3273556F2444B8EE008FC810 /* Release */,
			);
			defaultConfigurationIsVisible = 0;
			defaultConfigurationName = Release;
		};
		327355702444B8EE008FC810 /* Build configuration list for PBXNativeTarget "ActiDiabetUITests" */ = {
			isa = XCConfigurationList;
			buildConfigurations = (
				327355712444B8EE008FC810 /* Debug */,
				327355722444B8EE008FC810 /* Release */,
			);
			defaultConfigurationIsVisible = 0;
			defaultConfigurationName = Release;
		};
/* End XCConfigurationList section */

/* Begin XCVersionGroup section */
		321CDAA42452B9F000ECDE39 /* LogDataModal.xcdatamodeld */ = {
			isa = XCVersionGroup;
			children = (
				321CDAA52452B9F000ECDE39 /* LogDataModal.xcdatamodel */,
			);
			currentVersion = 321CDAA52452B9F000ECDE39 /* LogDataModal.xcdatamodel */;
			path = LogDataModal.xcdatamodeld;
			sourceTree = "<group>";
			versionGroupType = wrapper.xcdatamodel;
		};
/* End XCVersionGroup section */
	};
	rootObject = 327355382444B8EC008FC810 /* Project object */;
}
